Microsoft Visual Studio Solution File, Format Version 7.00
Project("{FAE04EC0-301F-11D3-BF4B-00C04F79EFBC}") = "ValidateCS", "ValidateCS.csproj", "{80F91B0E-D38A-46FD-BF56-88B218D61057}"
EndProject
Global
	GlobalSection(SolutionConfiguration) = preSolution
		ConfigName.0 = Debug
		ConfigName.1 = Release
	EndGlobalSection
	GlobalSection(ProjectDependencies) = postSolution
	EndGlobalSection
	GlobalSection(ProjectConfiguration) = postSolution
		{80F91B0E-D38A-46FD-BF56-88B218D61057}.Debug.ActiveCfg = Debug|.NET
		{80F91B0E-D38A-46FD-BF56-88B218D61057}.Debug.Build.0 = Debug|.NET
		{80F91B0E-D38A-46FD-BF56-88B218D61057}.Release.ActiveCfg = Release|.NET
		{80F91B0E-D38A-46FD-BF56-88B218D61057}.Release.Build.0 = Release|.NET
	EndGlobalSection
	GlobalSection(ExtensibilityGlobals) = postSolution
	EndGlobalSection
	GlobalSection(ExtensibilityAddIns) = postSolution
	EndGlobalSection
EndGlobal
